<Project ToolsVersion="4.0" xmlns="http://schemas.microsoft.com/developer/msbuild/2003">
  <ItemGroup>
    <Filter Include="H" />
    <Filter Include="H\_" />
  </ItemGroup>
  <ItemGroup>
    <Image Include="Assets\Square44x44Logo.targetsize-48_altform-unplated.png">
      <Filter>H\_</Filter>
    </Image>
    <Image Include="Assets\Square44x44Logo.scale-200.png">
      <Filter>H\_</Filter>
    </Image>
    <Image Include="Assets\Square150x150Logo.scale-200.png">
      <Filter>H\_</Filter>
    </Image>
    <Image Include="Assets\Logo.png">
      <Filter>H\_</Filter>
    </Image>
    <Image Include="Assets\SplashScreen.png">
      <Filter>H\_</Filter>
    </Image>
    <Media Include="C:\Esenthel/Bin/Universal\Engine.pak">
      <Filter>H\_</Filter>
    </Media>
    <Media Include="Project.pak">
      <Filter>H\_</Filter>
    </Media>
    <ResourceCompile Include="resource.rc">
      <Filter>H\_</Filter>
    </ResourceCompile>
    <ClCompile Include="stdafx.cpp">
      <Filter>H\_</Filter>
    </ClCompile>
    <ClInclude Include="stdafx.h">
      <Filter>H\_</Filter>
    </ClInclude>
    <AppxManifest Include="Package.appxmanifest">
      <Filter>H\_</Filter>
    </AppxManifest>
  </ItemGroup>
  <ItemGroup>
    <Filter Include="Source" />
    <ClCompile Include="Source\Auto.cpp">
      <Filter>Source</Filter>
    </ClCompile>
  </ItemGroup>
  <ItemGroup>
    <ClCompile Include="Source\main.cpp">
      <Filter>Source</Filter>
    </ClCompile>
    <ClCompile Include="Source\Settings.cpp">
      <Filter>Source</Filter>
    </ClCompile>
  </ItemGroup>
  <ItemGroup>
    <ClInclude Include="Source\Settings.h">
      <Filter>Source</Filter>
    </ClInclude>
  </ItemGroup>
</Project>